
Microsoft Visual Studio Solution File, Format Version 12.00
# Visual Studio Version 17
VisualStudioVersion = 17.11.35208.52
MinimumVisualStudioVersion = 10.0.40219.1
Project("{FAE04EC0-301F-11D3-BF4B-00C04F79EFBC}") = "EffectiveMobile.API", "EffectiveMobile.API\EffectiveMobile.API.csproj", "{F8808E07-0498-40A9-A7CF-235009439E98}"
EndProject
Project("{FAE04EC0-301F-11D3-BF4B-00C04F79EFBC}") = "EffectiveMobile.Infrastructure", "EffectiveMobile.Infrastructure\EffectiveMobile.Infrastructure.csproj", "{FA7449C9-86DF-4E1A-B4A7-1F17FDA9B03E}"
EndProject
Project("{FAE04EC0-301F-11D3-BF4B-00C04F79EFBC}") = "EffectiveMobile.Application", "EffectiveMobile.Application\EffectiveMobile.Application.csproj", "{ED7516FF-8621-4BD7-9474-EE3F29794793}"
EndProject
Project("{FAE04EC0-301F-11D3-BF4B-00C04F79EFBC}") = "EffectiveMobile.Domain", "EffectiveMobile.Domain\EffectiveMobile.Domain.csproj", "{E23FF170-51B4-4F73-8FDB-63A4699C127D}"
EndProject
Global
	GlobalSection(SolutionConfigurationPlatforms) = preSolution
		Debug|Any CPU = Debug|Any CPU
		Release|Any CPU = Release|Any CPU
	EndGlobalSection
	GlobalSection(ProjectConfigurationPlatforms) = postSolution
		{F8808E07-0498-40A9-A7CF-235009439E98}.Debug|Any CPU.ActiveCfg = Debug|Any CPU
		{F8808E07-0498-40A9-A7CF-235009439E98}.Debug|Any CPU.Build.0 = Debug|Any CPU
		{F8808E07-0498-40A9-A7CF-235009439E98}.Release|Any CPU.ActiveCfg = Release|Any CPU
		{F8808E07-0498-40A9-A7CF-235009439E98}.Release|Any CPU.Build.0 = Release|Any CPU
		{FA7449C9-86DF-4E1A-B4A7-1F17FDA9B03E}.Debug|Any CPU.ActiveCfg = Debug|Any CPU
		{FA7449C9-86DF-4E1A-B4A7-1F17FDA9B03E}.Debug|Any CPU.Build.0 = Debug|Any CPU
		{FA7449C9-86DF-4E1A-B4A7-1F17FDA9B03E}.Release|Any CPU.ActiveCfg = Release|Any CPU
		{FA7449C9-86DF-4E1A-B4A7-1F17FDA9B03E}.Release|Any CPU.Build.0 = Release|Any CPU
		{ED7516FF-8621-4BD7-9474-EE3F29794793}.Debug|Any CPU.ActiveCfg = Debug|Any CPU
		{ED7516FF-8621-4BD7-9474-EE3F29794793}.Debug|Any CPU.Build.0 = Debug|Any CPU
		{ED7516FF-8621-4BD7-9474-EE3F29794793}.Release|Any CPU.ActiveCfg = Release|Any CPU
		{ED7516FF-8621-4BD7-9474-EE3F29794793}.Release|Any CPU.Build.0 = Release|Any CPU
		{E23FF170-51B4-4F73-8FDB-63A4699C127D}.Debug|Any CPU.ActiveCfg = Debug|Any CPU
		{E23FF170-51B4-4F73-8FDB-63A4699C127D}.Debug|Any CPU.Build.0 = Debug|Any CPU
		{E23FF170-51B4-4F73-8FDB-63A4699C127D}.Release|Any CPU.ActiveCfg = Release|Any CPU
		{E23FF170-51B4-4F73-8FDB-63A4699C127D}.Release|Any CPU.Build.0 = Release|Any CPU
	EndGlobalSection
	GlobalSection(SolutionProperties) = preSolution
		HideSolutionNode = FALSE
	EndGlobalSection
	GlobalSection(ExtensibilityGlobals) = postSolution
		SolutionGuid = {A9CE9F46-9A5B-4FCF-BC48-78BA0CE709B0}
	EndGlobalSection
EndGlobal
